
Microsoft Visual Studio Solution File, Format Version 12.00
# Visual Studio Version 17
VisualStudioVersion = 17.1.32414.318
MinimumVisualStudioVersion = 10.0.40219.1
Project("{9A19103F-16F7-4668-BE54-9A1E7A4F7556}") = "EscuelaPrueba.Core", "EscuelaPrueba.Core\EscuelaPrueba.Core.csproj", "{525CCB99-A5A8-4B22-ABFE-DE00BFA8171B}"
EndProject
Project("{9A19103F-16F7-4668-BE54-9A1E7A4F7556}") = "EscuelaPrueba.Infraestructure", "EscuelaPrueba.Infraestructure\EscuelaPrueba.Infraestructure.csproj", "{9AD4AFC8-9A38-4C6D-ACE5-B09346239929}"
EndProject
Project("{FAE04EC0-301F-11D3-BF4B-00C04F79EFBC}") = "EscuelaPrueba.Api", "EscuelaPrueba.Api\EscuelaPrueba.Api.csproj", "{6D6597BA-980B-4EFD-B993-7251F1D34F83}"
EndProject
Global
	GlobalSection(SolutionConfigurationPlatforms) = preSolution
		Debug|Any CPU = Debug|Any CPU
		Release|Any CPU = Release|Any CPU
	EndGlobalSection
	GlobalSection(ProjectConfigurationPlatforms) = postSolution
		{525CCB99-A5A8-4B22-ABFE-DE00BFA8171B}.Debug|Any CPU.ActiveCfg = Debug|Any CPU
		{525CCB99-A5A8-4B22-ABFE-DE00BFA8171B}.Debug|Any CPU.Build.0 = Debug|Any CPU
		{525CCB99-A5A8-4B22-ABFE-DE00BFA8171B}.Release|Any CPU.ActiveCfg = Release|Any CPU
		{525CCB99-A5A8-4B22-ABFE-DE00BFA8171B}.Release|Any CPU.Build.0 = Release|Any CPU
		{9AD4AFC8-9A38-4C6D-ACE5-B09346239929}.Debug|Any CPU.ActiveCfg = Debug|Any CPU
		{9AD4AFC8-9A38-4C6D-ACE5-B09346239929}.Debug|Any CPU.Build.0 = Debug|Any CPU
		{9AD4AFC8-9A38-4C6D-ACE5-B09346239929}.Release|Any CPU.ActiveCfg = Release|Any CPU
		{9AD4AFC8-9A38-4C6D-ACE5-B09346239929}.Release|Any CPU.Build.0 = Release|Any CPU
		{6D6597BA-980B-4EFD-B993-7251F1D34F83}.Debug|Any CPU.ActiveCfg = Debug|Any CPU
		{6D6597BA-980B-4EFD-B993-7251F1D34F83}.Debug|Any CPU.Build.0 = Debug|Any CPU
		{6D6597BA-980B-4EFD-B993-7251F1D34F83}.Release|Any CPU.ActiveCfg = Release|Any CPU
		{6D6597BA-980B-4EFD-B993-7251F1D34F83}.Release|Any CPU.Build.0 = Release|Any CPU
	EndGlobalSection
	GlobalSection(SolutionProperties) = preSolution
		HideSolutionNode = FALSE
	EndGlobalSection
	GlobalSection(ExtensibilityGlobals) = postSolution
		SolutionGuid = {2126C7FF-CC8C-498A-8C3D-FD16300DFEF6}
	EndGlobalSection
EndGlobal
